
Microsoft Visual Studio Solution File, Format Version 12.00
# Visual Studio Version 17
VisualStudioVersion = 17.4.33403.182
MinimumVisualStudioVersion = 10.0.40219.1
Project("{9A19103F-16F7-4668-BE54-9A1E7A4F7556}") = "CodeGenEngine", "CodeGenEngine\CodeGenEngine.csproj", "{515C92C1-D7AF-445D-9D8C-C84B8713191B}"
EndProject
Project("{9A19103F-16F7-4668-BE54-9A1E7A4F7556}") = "CodeGenClient", "CodeGenClient\CodeGenClient.csproj", "{FAC40BE0-8BC0-4707-A9A7-9433CB6E3955}"
EndProject
Project("{FAE04EC0-301F-11D3-BF4B-00C04F79EFBC}") = "UnitTests", "UnitTests\UnitTests.csproj", "{0CFA9688-0863-41A8-9AEB-DE15BC3621C1}"
EndProject
Project("{FAE04EC0-301F-11D3-BF4B-00C04F79EFBC}") = "CodeGenRestAPI", "CodeGenRestAPI\CodeGenRestAPI.csproj", "{95649755-567C-46D6-B6E5-D77FAEB31743}"
EndProject
Project("{FAE04EC0-301F-11D3-BF4B-00C04F79EFBC}") = "ExtModel", "ExtModel\ExtModel.csproj", "{5B81F4DC-C85E-4E70-BA48-7003AB952607}"
EndProject
Global
	GlobalSection(SolutionConfigurationPlatforms) = preSolution
		Debug|Any CPU = Debug|Any CPU
		Release|Any CPU = Release|Any CPU
	EndGlobalSection
	GlobalSection(ProjectConfigurationPlatforms) = postSolution
		{515C92C1-D7AF-445D-9D8C-C84B8713191B}.Debug|Any CPU.ActiveCfg = Debug|Any CPU
		{515C92C1-D7AF-445D-9D8C-C84B8713191B}.Debug|Any CPU.Build.0 = Debug|Any CPU
		{515C92C1-D7AF-445D-9D8C-C84B8713191B}.Release|Any CPU.ActiveCfg = Release|Any CPU
		{515C92C1-D7AF-445D-9D8C-C84B8713191B}.Release|Any CPU.Build.0 = Release|Any CPU
		{FAC40BE0-8BC0-4707-A9A7-9433CB6E3955}.Debug|Any CPU.ActiveCfg = Debug|Any CPU
		{FAC40BE0-8BC0-4707-A9A7-9433CB6E3955}.Debug|Any CPU.Build.0 = Debug|Any CPU
		{FAC40BE0-8BC0-4707-A9A7-9433CB6E3955}.Release|Any CPU.ActiveCfg = Release|Any CPU
		{FAC40BE0-8BC0-4707-A9A7-9433CB6E3955}.Release|Any CPU.Build.0 = Release|Any CPU
		{0CFA9688-0863-41A8-9AEB-DE15BC3621C1}.Debug|Any CPU.ActiveCfg = Debug|Any CPU
		{0CFA9688-0863-41A8-9AEB-DE15BC3621C1}.Debug|Any CPU.Build.0 = Debug|Any CPU
		{0CFA9688-0863-41A8-9AEB-DE15BC3621C1}.Release|Any CPU.ActiveCfg = Release|Any CPU
		{0CFA9688-0863-41A8-9AEB-DE15BC3621C1}.Release|Any CPU.Build.0 = Release|Any CPU
		{95649755-567C-46D6-B6E5-D77FAEB31743}.Debug|Any CPU.ActiveCfg = Debug|Any CPU
		{95649755-567C-46D6-B6E5-D77FAEB31743}.Debug|Any CPU.Build.0 = Debug|Any CPU
		{95649755-567C-46D6-B6E5-D77FAEB31743}.Release|Any CPU.ActiveCfg = Release|Any CPU
		{95649755-567C-46D6-B6E5-D77FAEB31743}.Release|Any CPU.Build.0 = Release|Any CPU
		{5B81F4DC-C85E-4E70-BA48-7003AB952607}.Debug|Any CPU.ActiveCfg = Debug|Any CPU
		{5B81F4DC-C85E-4E70-BA48-7003AB952607}.Debug|Any CPU.Build.0 = Debug|Any CPU
		{5B81F4DC-C85E-4E70-BA48-7003AB952607}.Release|Any CPU.ActiveCfg = Release|Any CPU
		{5B81F4DC-C85E-4E70-BA48-7003AB952607}.Release|Any CPU.Build.0 = Release|Any CPU
	EndGlobalSection
	GlobalSection(SolutionProperties) = preSolution
		HideSolutionNode = FALSE
	EndGlobalSection
	GlobalSection(ExtensibilityGlobals) = postSolution
		SolutionGuid = {BD9DF55B-7E17-4A9F-962E-C1DDD078FD8B}
	EndGlobalSection
EndGlobal
